
Microsoft Visual Studio Solution File, Format Version 12.00
# Visual Studio Version 16
VisualStudioVersion = 16.0.31613.86
MinimumVisualStudioVersion = 10.0.40219.1
Project("{FAE04EC0-301F-11D3-BF4B-00C04F79EFBC}") = "ДЗ 2", "ДЗ 2\ДЗ 2.csproj", "{FB657094-A109-4111-B1DD-D33BE6B16B01}"
EndProject
Global
	GlobalSection(SolutionConfigurationPlatforms) = preSolution
		Debug|Any CPU = Debug|Any CPU
		Release|Any CPU = Release|Any CPU
	EndGlobalSection
	GlobalSection(ProjectConfigurationPlatforms) = postSolution
		{FB657094-A109-4111-B1DD-D33BE6B16B01}.Debug|Any CPU.ActiveCfg = Debug|Any CPU
		{FB657094-A109-4111-B1DD-D33BE6B16B01}.Debug|Any CPU.Build.0 = Debug|Any CPU
		{FB657094-A109-4111-B1DD-D33BE6B16B01}.Release|Any CPU.ActiveCfg = Release|Any CPU
		{FB657094-A109-4111-B1DD-D33BE6B16B01}.Release|Any CPU.Build.0 = Release|Any CPU
	EndGlobalSection
	GlobalSection(SolutionProperties) = preSolution
		HideSolutionNode = FALSE
	EndGlobalSection
	GlobalSection(ExtensibilityGlobals) = postSolution
		SolutionGuid = {D817F940-0C9B-4D72-B1E2-AB585FCA6BA2}
	EndGlobalSection
EndGlobal
