
Microsoft Visual Studio Solution File, Format Version 12.00
# Visual Studio Version 16
VisualStudioVersion = 16.0.31129.286
MinimumVisualStudioVersion = 10.0.40219.1
Project("{FAE04EC0-301F-11D3-BF4B-00C04F79EFBC}") = "ex1", "ex1\ex1.csproj", "{E9DDC27C-6B25-43BD-B5CB-C36AEAFDF048}"
EndProject
Project("{FAE04EC0-301F-11D3-BF4B-00C04F79EFBC}") = "ex2", "ex2\ex2.csproj", "{9DF48CA6-8039-43AD-BE94-8FE1C3116331}"
EndProject
Project("{FAE04EC0-301F-11D3-BF4B-00C04F79EFBC}") = "ex3", "ex3\ex3.csproj", "{5B448D62-1108-4E61-B330-27278043B9D6}"
EndProject
Project("{FAE04EC0-301F-11D3-BF4B-00C04F79EFBC}") = "ex4", "ex4\ex4.csproj", "{6C3ED8B4-B926-4661-BA33-4A814AA0E472}"
EndProject
Global
	GlobalSection(SolutionConfigurationPlatforms) = preSolution
		Debug|Any CPU = Debug|Any CPU
		Release|Any CPU = Release|Any CPU
	EndGlobalSection
	GlobalSection(ProjectConfigurationPlatforms) = postSolution
		{E9DDC27C-6B25-43BD-B5CB-C36AEAFDF048}.Debug|Any CPU.ActiveCfg = Debug|Any CPU
		{E9DDC27C-6B25-43BD-B5CB-C36AEAFDF048}.Debug|Any CPU.Build.0 = Debug|Any CPU
		{E9DDC27C-6B25-43BD-B5CB-C36AEAFDF048}.Release|Any CPU.ActiveCfg = Release|Any CPU
		{E9DDC27C-6B25-43BD-B5CB-C36AEAFDF048}.Release|Any CPU.Build.0 = Release|Any CPU
		{9DF48CA6-8039-43AD-BE94-8FE1C3116331}.Debug|Any CPU.ActiveCfg = Debug|Any CPU
		{9DF48CA6-8039-43AD-BE94-8FE1C3116331}.Debug|Any CPU.Build.0 = Debug|Any CPU
		{9DF48CA6-8039-43AD-BE94-8FE1C3116331}.Release|Any CPU.ActiveCfg = Release|Any CPU
		{9DF48CA6-8039-43AD-BE94-8FE1C3116331}.Release|Any CPU.Build.0 = Release|Any CPU
		{5B448D62-1108-4E61-B330-27278043B9D6}.Debug|Any CPU.ActiveCfg = Debug|Any CPU
		{5B448D62-1108-4E61-B330-27278043B9D6}.Debug|Any CPU.Build.0 = Debug|Any CPU
		{5B448D62-1108-4E61-B330-27278043B9D6}.Release|Any CPU.ActiveCfg = Release|Any CPU
		{5B448D62-1108-4E61-B330-27278043B9D6}.Release|Any CPU.Build.0 = Release|Any CPU
		{6C3ED8B4-B926-4661-BA33-4A814AA0E472}.Debug|Any CPU.ActiveCfg = Debug|Any CPU
		{6C3ED8B4-B926-4661-BA33-4A814AA0E472}.Debug|Any CPU.Build.0 = Debug|Any CPU
		{6C3ED8B4-B926-4661-BA33-4A814AA0E472}.Release|Any CPU.ActiveCfg = Release|Any CPU
		{6C3ED8B4-B926-4661-BA33-4A814AA0E472}.Release|Any CPU.Build.0 = Release|Any CPU
	EndGlobalSection
	GlobalSection(SolutionProperties) = preSolution
		HideSolutionNode = FALSE
	EndGlobalSection
	GlobalSection(ExtensibilityGlobals) = postSolution
		SolutionGuid = {82D28932-073C-493E-8AA4-6E68D9E9DF4F}
	EndGlobalSection
EndGlobal
