
Microsoft Visual Studio Solution File, Format Version 12.00
# Visual Studio Version 16
VisualStudioVersion = 16.0.31129.286
MinimumVisualStudioVersion = 10.0.40219.1
Project("{FAE04EC0-301F-11D3-BF4B-00C04F79EFBC}") = "Figures", "Figures.csproj", "{58118549-CAAE-4863-B101-BA6130D568CF}"
EndProject
Global
	GlobalSection(SolutionConfigurationPlatforms) = preSolution
		Debug|Any CPU = Debug|Any CPU
		Release|Any CPU = Release|Any CPU
	EndGlobalSection
	GlobalSection(ProjectConfigurationPlatforms) = postSolution
		{58118549-CAAE-4863-B101-BA6130D568CF}.Debug|Any CPU.ActiveCfg = Debug|Any CPU
		{58118549-CAAE-4863-B101-BA6130D568CF}.Debug|Any CPU.Build.0 = Debug|Any CPU
		{58118549-CAAE-4863-B101-BA6130D568CF}.Release|Any CPU.ActiveCfg = Release|Any CPU
		{58118549-CAAE-4863-B101-BA6130D568CF}.Release|Any CPU.Build.0 = Release|Any CPU
	EndGlobalSection
	GlobalSection(SolutionProperties) = preSolution
		HideSolutionNode = FALSE
	EndGlobalSection
	GlobalSection(ExtensibilityGlobals) = postSolution
		SolutionGuid = {DB7D4A2C-73C5-4581-B90A-ECC579CAE071}
	EndGlobalSection
EndGlobal
