
Microsoft Visual Studio Solution File, Format Version 12.00
# Visual Studio Version 16
VisualStudioVersion = 16.0.31129.286
MinimumVisualStudioVersion = 10.0.40219.1
Project("{FAE04EC0-301F-11D3-BF4B-00C04F79EFBC}") = "dataType", "dataType\dataType.csproj", "{F585A76F-BB98-4ECA-8BAB-9C6B55EF3A96}"
EndProject
Global
	GlobalSection(SolutionConfigurationPlatforms) = preSolution
		Debug|Any CPU = Debug|Any CPU
		Release|Any CPU = Release|Any CPU
	EndGlobalSection
	GlobalSection(ProjectConfigurationPlatforms) = postSolution
		{F585A76F-BB98-4ECA-8BAB-9C6B55EF3A96}.Debug|Any CPU.ActiveCfg = Debug|Any CPU
		{F585A76F-BB98-4ECA-8BAB-9C6B55EF3A96}.Debug|Any CPU.Build.0 = Debug|Any CPU
		{F585A76F-BB98-4ECA-8BAB-9C6B55EF3A96}.Release|Any CPU.ActiveCfg = Release|Any CPU
		{F585A76F-BB98-4ECA-8BAB-9C6B55EF3A96}.Release|Any CPU.Build.0 = Release|Any CPU
	EndGlobalSection
	GlobalSection(SolutionProperties) = preSolution
		HideSolutionNode = FALSE
	EndGlobalSection
	GlobalSection(ExtensibilityGlobals) = postSolution
		SolutionGuid = {84F678CD-2FA7-40D6-A425-E6ACB5FD45AA}
	EndGlobalSection
EndGlobal
