
Microsoft Visual Studio Solution File, Format Version 12.00
# Visual Studio Version 16
VisualStudioVersion = 16.0.31129.286
MinimumVisualStudioVersion = 10.0.40219.1
Project("{FAE04EC0-301F-11D3-BF4B-00C04F79EFBC}") = "BillProj", "BillProj\BillProj.csproj", "{20517E20-A643-4CB9-AD81-3DEBA34AB0FB}"
EndProject
Global
	GlobalSection(SolutionConfigurationPlatforms) = preSolution
		Debug|Any CPU = Debug|Any CPU
		Release|Any CPU = Release|Any CPU
	EndGlobalSection
	GlobalSection(ProjectConfigurationPlatforms) = postSolution
		{20517E20-A643-4CB9-AD81-3DEBA34AB0FB}.Debug|Any CPU.ActiveCfg = Debug|Any CPU
		{20517E20-A643-4CB9-AD81-3DEBA34AB0FB}.Debug|Any CPU.Build.0 = Debug|Any CPU
		{20517E20-A643-4CB9-AD81-3DEBA34AB0FB}.Release|Any CPU.ActiveCfg = Release|Any CPU
		{20517E20-A643-4CB9-AD81-3DEBA34AB0FB}.Release|Any CPU.Build.0 = Release|Any CPU
	EndGlobalSection
	GlobalSection(SolutionProperties) = preSolution
		HideSolutionNode = FALSE
	EndGlobalSection
	GlobalSection(ExtensibilityGlobals) = postSolution
		SolutionGuid = {409BB7A3-B1A3-48B3-9E1A-8D17279EF317}
	EndGlobalSection
EndGlobal
